// !$*UTF8*$!
{
	archiveVersion = 1;
	classes = {
	};
	objectVersion = 50;
	objects = {

/* Begin PBXBuildFile section */
		980597BD22C5F94600D94B2A /* GenerateRandomColor.swift in Sources */ = {isa = PBXBuildFile; fileRef = 980597BC22C5F94600D94B2A /* GenerateRandomColor.swift */; };
		986FC95222C2EE6B007E015E /* AppDelegate.swift in Sources */ = {isa = PBXBuildFile; fileRef = 986FC95122C2EE6B007E015E /* AppDelegate.swift */; };
		986FC95422C2EE6B007E015E /* CategoriesViewController.swift in Sources */ = {isa = PBXBuildFile; fileRef = 986FC95322C2EE6B007E015E /* CategoriesViewController.swift */; };
		986FC95722C2EE6B007E015E /* Main.storyboard in Resources */ = {isa = PBXBuildFile; fileRef = 986FC95522C2EE6B007E015E /* Main.storyboard */; };
		986FC95922C2EE6C007E015E /* Assets.xcassets in Resources */ = {isa = PBXBuildFile; fileRef = 986FC95822C2EE6C007E015E /* Assets.xcassets */; };
		986FC95C22C2EE6C007E015E /* LaunchScreen.storyboard in Resources */ = {isa = PBXBuildFile; fileRef = 986FC95A22C2EE6C007E015E /* LaunchScreen.storyboard */; };
		986FC96822C2F2C3007E015E /* CategoriesCollectionViewCell.swift in Sources */ = {isa = PBXBuildFile; fileRef = 986FC96722C2F2C3007E015E /* CategoriesCollectionViewCell.swift */; };
		986FC96A22C2F39C007E015E /* RoundedShadowCardView.swift in Sources */ = {isa = PBXBuildFile; fileRef = 986FC96922C2F39B007E015E /* RoundedShadowCardView.swift */; };
		986FC96C22C2F7D1007E015E /* QuoteViewController.swift in Sources */ = {isa = PBXBuildFile; fileRef = 986FC96B22C2F7D1007E015E /* QuoteViewController.swift */; };
		986FC96E22C3015B007E015E /* ChuckNorrisInfoModel.swift in Sources */ = {isa = PBXBuildFile; fileRef = 986FC96D22C3015B007E015E /* ChuckNorrisInfoModel.swift */; };
		C6397FB2169CF5D9637B61AA /* Pods_Chuck_Norris_Quotes.framework in Frameworks */ = {isa = PBXBuildFile; fileRef = 3CAB1E97600051349AC272E2 /* Pods_Chuck_Norris_Quotes.framework */; };
/* End PBXBuildFile section */

/* Begin PBXFileReference section */
		3CAB1E97600051349AC272E2 /* Pods_Chuck_Norris_Quotes.framework */ = {isa = PBXFileReference; explicitFileType = wrapper.framework; includeInIndex = 0; path = Pods_Chuck_Norris_Quotes.framework; sourceTree = BUILT_PRODUCTS_DIR; };
		980597BC22C5F94600D94B2A /* GenerateRandomColor.swift */ = {isa = PBXFileReference; lastKnownFileType = sourcecode.swift; path = GenerateRandomColor.swift; sourceTree = "<group>"; };
		986FC94E22C2EE6B007E015E /* Chuck Norris Quotes.app */ = {isa = PBXFileReference; explicitFileType = wrapper.application; includeInIndex = 0; path = "Chuck Norris Quotes.app"; sourceTree = BUILT_PRODUCTS_DIR; };
		986FC95122C2EE6B007E015E /* AppDelegate.swift */ = {isa = PBXFileReference; lastKnownFileType = sourcecode.swift; path = AppDelegate.swift; sourceTree = "<group>"; };
		986FC95322C2EE6B007E015E /* CategoriesViewController.swift */ = {isa = PBXFileReference; lastKnownFileType = sourcecode.swift; path = CategoriesViewController.swift; sourceTree = "<group>"; };
		986FC95622C2EE6B007E015E /* Base */ = {isa = PBXFileReference; lastKnownFileType = file.storyboard; name = Base; path = Base.lproj/Main.storyboard; sourceTree = "<group>"; };
		986FC95822C2EE6C007E015E /* Assets.xcassets */ = {isa = PBXFileReference; lastKnownFileType = folder.assetcatalog; path = Assets.xcassets; sourceTree = "<group>"; };
		986FC95B22C2EE6C007E015E /* Base */ = {isa = PBXFileReference; lastKnownFileType = file.storyboard; name = Base; path = Base.lproj/LaunchScreen.storyboard; sourceTree = "<group>"; };
		986FC95D22C2EE6C007E015E /* Info.plist */ = {isa = PBXFileReference; lastKnownFileType = text.plist.xml; path = Info.plist; sourceTree = "<group>"; };
		986FC96722C2F2C3007E015E /* CategoriesCollectionViewCell.swift */ = {isa = PBXFileReference; lastKnownFileType = sourcecode.swift; path = CategoriesCollectionViewCell.swift; sourceTree = "<group>"; };
		986FC96922C2F39B007E015E /* RoundedShadowCardView.swift */ = {isa = PBXFileReference; fileEncoding = 4; lastKnownFileType = sourcecode.swift; path = RoundedShadowCardView.swift; sourceTree = "<group>"; };
		986FC96B22C2F7D1007E015E /* QuoteViewController.swift */ = {isa = PBXFileReference; lastKnownFileType = sourcecode.swift; path = QuoteViewController.swift; sourceTree = "<group>"; };
		986FC96D22C3015B007E015E /* ChuckNorrisInfoModel.swift */ = {isa = PBXFileReference; lastKnownFileType = sourcecode.swift; path = ChuckNorrisInfoModel.swift; sourceTree = "<group>"; };
		B99256ED85F4C7B7930985E2 /* Pods-Chuck Norris Quotes.release.xcconfig */ = {isa = PBXFileReference; includeInIndex = 1; lastKnownFileType = text.xcconfig; name = "Pods-Chuck Norris Quotes.release.xcconfig"; path = "Target Support Files/Pods-Chuck Norris Quotes/Pods-Chuck Norris Quotes.release.xcconfig"; sourceTree = "<group>"; };
		EB06E6C78A1FF7FCF793FDEA /* Pods-Chuck Norris Quotes.debug.xcconfig */ = {isa = PBXFileReference; includeInIndex = 1; lastKnownFileType = text.xcconfig; name = "Pods-Chuck Norris Quotes.debug.xcconfig"; path = "Target Support Files/Pods-Chuck Norris Quotes/Pods-Chuck Norris Quotes.debug.xcconfig"; sourceTree = "<group>"; };
/* End PBXFileReference section */

/* Begin PBXFrameworksBuildPhase section */
		986FC94B22C2EE6B007E015E /* Frameworks */ = {
			isa = PBXFrameworksBuildPhase;
			buildActionMask = 2147483647;
			files = (
				C6397FB2169CF5D9637B61AA /* Pods_Chuck_Norris_Quotes.framework in Frameworks */,
			);
			runOnlyForDeploymentPostprocessing = 0;
		};
/* End PBXFrameworksBuildPhase section */

/* Begin PBXGroup section */
		4C9081A6B0EEBDFB33AEF86D /* Pods */ = {
			isa = PBXGroup;
			children = (
				EB06E6C78A1FF7FCF793FDEA /* Pods-Chuck Norris Quotes.debug.xcconfig */,
				B99256ED85F4C7B7930985E2 /* Pods-Chuck Norris Quotes.release.xcconfig */,
			);
			path = Pods;
			sourceTree = "<group>";
		};
		7FF587FC0B47B07DDF3718B5 /* Frameworks */ = {
			isa = PBXGroup;
			children = (
				3CAB1E97600051349AC272E2 /* Pods_Chuck_Norris_Quotes.framework */,
			);
			name = Frameworks;
			sourceTree = "<group>";
		};
		986FC94522C2EE6B007E015E = {
			isa = PBXGroup;
			children = (
				986FC95022C2EE6B007E015E /* Chuck Norris Quotes */,
				986FC94F22C2EE6B007E015E /* Products */,
				4C9081A6B0EEBDFB33AEF86D /* Pods */,
				7FF587FC0B47B07DDF3718B5 /* Frameworks */,
			);
			sourceTree = "<group>";
		};
		986FC94F22C2EE6B007E015E /* Products */ = {
			isa = PBXGroup;
			children = (
				986FC94E22C2EE6B007E015E /* Chuck Norris Quotes.app */,
			);
			name = Products;
			sourceTree = "<group>";
		};
		986FC95022C2EE6B007E015E /* Chuck Norris Quotes */ = {
			isa = PBXGroup;
			children = (
				986FC95122C2EE6B007E015E /* AppDelegate.swift */,
				986FC95322C2EE6B007E015E /* CategoriesViewController.swift */,
				986FC96B22C2F7D1007E015E /* QuoteViewController.swift */,
				986FC96722C2F2C3007E015E /* CategoriesCollectionViewCell.swift */,
				986FC96D22C3015B007E015E /* ChuckNorrisInfoModel.swift */,
				986FC96922C2F39B007E015E /* RoundedShadowCardView.swift */,
				980597BC22C5F94600D94B2A /* GenerateRandomColor.swift */,
				986FC95522C2EE6B007E015E /* Main.storyboard */,
				986FC95822C2EE6C007E015E /* Assets.xcassets */,
				986FC95A22C2EE6C007E015E /* LaunchScreen.storyboard */,
				986FC95D22C2EE6C007E015E /* Info.plist */,
			);
			path = "Chuck Norris Quotes";
			sourceTree = "<group>";
		};
/* End PBXGroup section */

/* Begin PBXNativeTarget section */
		986FC94D22C2EE6B007E015E /* Chuck Norris Quotes */ = {
			isa = PBXNativeTarget;
			buildConfigurationList = 986FC96022C2EE6C007E015E /* Build configuration list for PBXNativeTarget "Chuck Norris Quotes" */;
			buildPhases = (
				D21FDD52DDF2F4E828B468DC /* [CP] Check Pods Manifest.lock */,
				986FC94A22C2EE6B007E015E /* Sources */,
				986FC94B22C2EE6B007E015E /* Frameworks */,
				986FC94C22C2EE6B007E015E /* Resources */,
				0898F4BB0E57E2DADC6AB77D /* [CP] Embed Pods Frameworks */,
			);
			buildRules = (
			);
			dependencies = (
			);
			name = "Chuck Norris Quotes";
			productName = "Chuck Norris Quotes";
			productReference = 986FC94E22C2EE6B007E015E /* Chuck Norris Quotes.app */;
			productType = "com.apple.product-type.application";
		};
/* End PBXNativeTarget section */

/* Begin PBXProject section */
		986FC94622C2EE6B007E015E /* Project object */ = {
			isa = PBXProject;
			attributes = {
				LastSwiftUpdateCheck = 1020;
				LastUpgradeCheck = 1020;
				ORGANIZATIONNAME = "Johan Park";
				TargetAttributes = {
					986FC94D22C2EE6B007E015E = {
						CreatedOnToolsVersion = 10.2.1;
					};
				};
			};
			buildConfigurationList = 986FC94922C2EE6B007E015E /* Build configuration list for PBXProject "Chuck Norris Quotes" */;
			compatibilityVersion = "Xcode 9.3";
			developmentRegion = en;
			hasScannedForEncodings = 0;
			knownRegions = (
				en,
				Base,
			);
			mainGroup = 986FC94522C2EE6B007E015E;
			productRefGroup = 986FC94F22C2EE6B007E015E /* Products */;
			projectDirPath = "";
			projectRoot = "";
			targets = (
				986FC94D22C2EE6B007E015E /* Chuck Norris Quotes */,
			);
		};
/* End PBXProject section */

/* Begin PBXResourcesBuildPhase section */
		986FC94C22C2EE6B007E015E /* Resources */ = {
			isa = PBXResourcesBuildPhase;
			buildActionMask = 2147483647;
			files = (
				986FC95C22C2EE6C007E015E /* LaunchScreen.storyboard in Resources */,
				986FC95922C2EE6C007E015E /* Assets.xcassets in Resources */,
				986FC95722C2EE6B007E015E /* Main.storyboard in Resources */,
			);
			runOnlyForDeploymentPostprocessing = 0;
		};
/* End PBXResourcesBuildPhase section */

/* Begin PBXShellScriptBuildPhase section */
		0898F4BB0E57E2DADC6AB77D /* [CP] Embed Pods Frameworks */ = {
			isa = PBXShellScriptBuildPhase;
			buildActionMask = 2147483647;
			files = (
			);
			inputFileListPaths = (
			);
			inputPaths = (
				"${PODS_ROOT}/Target Support Files/Pods-Chuck Norris Quotes/Pods-Chuck Norris Quotes-frameworks.sh",
				"${BUILT_PRODUCTS_DIR}/TransitionButton/TransitionButton.framework",
			);
			name = "[CP] Embed Pods Frameworks";
			outputFileListPaths = (
			);
			outputPaths = (
				"${TARGET_BUILD_DIR}/${FRAMEWORKS_FOLDER_PATH}/TransitionButton.framework",
			);
			runOnlyForDeploymentPostprocessing = 0;
			shellPath = /bin/sh;
			shellScript = "\"${PODS_ROOT}/Target Support Files/Pods-Chuck Norris Quotes/Pods-Chuck Norris Quotes-frameworks.sh\"\n";
			showEnvVarsInLog = 0;
		};
		D21FDD52DDF2F4E828B468DC /* [CP] Check Pods Manifest.lock */ = {
			isa = PBXShellScriptBuildPhase;
			buildActionMask = 2147483647;
			files = (
			);
			inputFileListPaths = (
			);
			inputPaths = (
				"${PODS_PODFILE_DIR_PATH}/Podfile.lock",
				"${PODS_ROOT}/Manifest.lock",
			);
			name = "[CP] Check Pods Manifest.lock";
			outputFileListPaths = (
			);
			outputPaths = (
				"$(DERIVED_FILE_DIR)/Pods-Chuck Norris Quotes-checkManifestLockResult.txt",
			);
			runOnlyForDeploymentPostprocessing = 0;
			shellPath = /bin/sh;
			shellScript = "diff \"${PODS_PODFILE_DIR_PATH}/Podfile.lock\" \"${PODS_ROOT}/Manifest.lock\" > /dev/null\nif [ $? != 0 ] ; then\n    # print error to STDERR\n    echo \"error: The sandbox is not in sync with the Podfile.lock. Run 'pod install' or update your CocoaPods installation.\" >&2\n    exit 1\nfi\n# This output is used by Xcode 'outputs' to avoid re-running this script phase.\necho \"SUCCESS\" > \"${SCRIPT_OUTPUT_FILE_0}\"\n";
			showEnvVarsInLog = 0;
		};
/* End PBXShellScriptBuildPhase section */

/* Begin PBXSourcesBuildPhase section */
		986FC94A22C2EE6B007E015E /* Sources */ = {
			isa = PBXSourcesBuildPhase;
			buildActionMask = 2147483647;
			files = (
				986FC96A22C2F39C007E015E /* RoundedShadowCardView.swift in Sources */,
				986FC95422C2EE6B007E015E /* CategoriesViewController.swift in Sources */,
				986FC96C22C2F7D1007E015E /* QuoteViewController.swift in Sources */,
				980597BD22C5F94600D94B2A /* GenerateRandomColor.swift in Sources */,
				986FC96822C2F2C3007E015E /* CategoriesCollectionViewCell.swift in Sources */,
				986FC95222C2EE6B007E015E /* AppDelegate.swift in Sources */,
				986FC96E22C3015B007E015E /* ChuckNorrisInfoModel.swift in Sources */,
			);
			runOnlyForDeploymentPostprocessing = 0;
		};
/* End PBXSourcesBuildPhase section */

/* Begin PBXVariantGroup section */
		986FC95522C2EE6B007E015E /* Main.storyboard */ = {
			isa = PBXVariantGroup;
			children = (
				986FC95622C2EE6B007E015E /* Base */,
			);
			name = Main.storyboard;
			sourceTree = "<group>";
		};
		986FC95A22C2EE6C007E015E /* LaunchScreen.storyboard */ = {
			isa = PBXVariantGroup;
			children = (
				986FC95B22C2EE6C007E015E /* Base */,
			);
			name = LaunchScreen.storyboard;
			sourceTree = "<group>";
		};
/* End PBXVariantGroup section */

/* Begin XCBuildConfiguration section */
		986FC95E22C2EE6C007E015E /* Debug */ = {
			isa = XCBuildConfiguration;
			buildSettings = {
				ALWAYS_SEARCH_USER_PATHS = NO;
				CLANG_ANALYZER_NONNULL = YES;
				CLANG_ANALYZER_NUMBER_OBJECT_CONVERSION = YES_AGGRESSIVE;
				CLANG_CXX_LANGUAGE_STANDARD = "gnu++14";
				CLANG_CXX_LIBRARY = "libc++";
				CLANG_ENABLE_MODULES = YES;
				CLANG_ENABLE_OBJC_ARC = YES;
				CLANG_ENABLE_OBJC_WEAK = YES;
				CLANG_WARN_BLOCK_CAPTURE_AUTORELEASING = YES;
				CLANG_WARN_BOOL_CONVERSION = YES;
				CLANG_WARN_COMMA = YES;
				CLANG_WARN_CONSTANT_CONVERSION = YES;
				CLANG_WARN_DEPRECATED_OBJC_IMPLEMENTATIONS = YES;
				CLANG_WARN_DIRECT_OBJC_ISA_USAGE = YES_ERROR;
				CLANG_WARN_DOCUMENTATION_COMMENTS = YES;
				CLANG_WARN_EMPTY_BODY = YES;
				CLANG_WARN_ENUM_CONVERSION = YES;
				CLANG_WARN_INFINITE_RECURSION = YES;
				CLANG_WARN_INT_CONVERSION = YES;
				CLANG_WARN_NON_LITERAL_NULL_CONVERSION = YES;
				CLANG_WARN_OBJC_IMPLICIT_RETAIN_SELF = YES;
				CLANG_WARN_OBJC_LITERAL_CONVERSION = YES;
				CLANG_WARN_OBJC_ROOT_CLASS = YES_ERROR;
				CLANG_WARN_RANGE_LOOP_ANALYSIS = YES;
				CLANG_WARN_STRICT_PROTOTYPES = YES;
				CLANG_WARN_SUSPICIOUS_MOVE = YES;
				CLANG_WARN_UNGUARDED_AVAILABILITY = YES_AGGRESSIVE;
				CLANG_WARN_UNREACHABLE_CODE = YES;
				CLANG_WARN__DUPLICATE_METHOD_MATCH = YES;
				CODE_SIGN_IDENTITY = "iPhone Developer";
				COPY_PHASE_STRIP = NO;
				DEBUG_INFORMATION_FORMAT = dwarf;
				ENABLE_STRICT_OBJC_MSGSEND = YES;
				ENABLE_TESTABILITY = YES;
				GCC_C_LANGUAGE_STANDARD = gnu11;
				GCC_DYNAMIC_NO_PIC = NO;
				GCC_NO_COMMON_BLOCKS = YES;
				GCC_OPTIMIZATION_LEVEL = 0;
				GCC_PREPROCESSOR_DEFINITIONS = (
					"DEBUG=1",
					"$(inherited)",
				);
				GCC_WARN_64_TO_32_BIT_CONVERSION = YES;
				GCC_WARN_ABOUT_RETURN_TYPE = YES_ERROR;
				GCC_WARN_UNDECLARED_SELECTOR = YES;
				GCC_WARN_UNINITIALIZED_AUTOS = YES_AGGRESSIVE;
				GCC_WARN_UNUSED_FUNCTION = YES;
				GCC_WARN_UNUSED_VARIABLE = YES;
				IPHONEOS_DEPLOYMENT_TARGET = 12.2;
				MTL_ENABLE_DEBUG_INFO = INCLUDE_SOURCE;
				MTL_FAST_MATH = YES;
				ONLY_ACTIVE_ARCH = YES;
				SDKROOT = iphoneos;
				SWIFT_ACTIVE_COMPILATION_CONDITIONS = DEBUG;
				SWIFT_OPTIMIZATION_LEVEL = "-Onone";
			};
			name = Debug;
		};
		986FC95F22C2EE6C007E015E /* Release */ = {
			isa = XCBuildConfiguration;
			buildSettings = {
				ALWAYS_SEARCH_USER_PATHS = NO;
				CLANG_ANALYZER_NONNULL = YES;
				CLANG_ANALYZER_NUMBER_OBJECT_CONVERSION = YES_AGGRESSIVE;
				CLANG_CXX_LANGUAGE_STANDARD = "gnu++14";
				CLANG_CXX_LIBRARY = "libc++";
				CLANG_ENABLE_MODULES = YES;
				CLANG_ENABLE_OBJC_ARC = YES;
				CLANG_ENABLE_OBJC_WEAK = YES;
				CLANG_WARN_BLOCK_CAPTURE_AUTORELEASING = YES;
				CLANG_WARN_BOOL_CONVERSION = YES;
				CLANG_WARN_COMMA = YES;
				CLANG_WARN_CONSTANT_CONVERSION = YES;
				CLANG_WARN_DEPRECATED_OBJC_IMPLEMENTATIONS = YES;
				CLANG_WARN_DIRECT_OBJC_ISA_USAGE = YES_ERROR;
				CLANG_WARN_DOCUMENTATION_COMMENTS = YES;
				CLANG_WARN_EMPTY_BODY = YES;
				CLANG_WARN_ENUM_CONVERSION = YES;
				CLANG_WARN_INFINITE_RECURSION = YES;
				CLANG_WARN_INT_CONVERSION = YES;
				CLANG_WARN_NON_LITERAL_NULL_CONVERSION = YES;
				CLANG_WARN_OBJC_IMPLICIT_RETAIN_SELF = YES;
				CLANG_WARN_OBJC_LITERAL_CONVERSION = YES;
				CLANG_WARN_OBJC_ROOT_CLASS = YES_ERROR;
				CLANG_WARN_RANGE_LOOP_ANALYSIS = YES;
				CLANG_WARN_STRICT_PROTOTYPES = YES;
				CLANG_WARN_SUSPICIOUS_MOVE = YES;
				CLANG_WARN_UNGUARDED_AVAILABILITY = YES_AGGRESSIVE;
				CLANG_WARN_UNREACHABLE_CODE = YES;
				CLANG_WARN__DUPLICATE_METHOD_MATCH = YES;
				CODE_SIGN_IDENTITY = "iPhone Developer";
				COPY_PHASE_STRIP = NO;
				DEBUG_INFORMATION_FORMAT = "dwarf-with-dsym";
				ENABLE_NS_ASSERTIONS = NO;
				ENABLE_STRICT_OBJC_MSGSEND = YES;
				GCC_C_LANGUAGE_STANDARD = gnu11;
				GCC_NO_COMMON_BLOCKS = YES;
				GCC_WARN_64_TO_32_BIT_CONVERSION = YES;
				GCC_WARN_ABOUT_RETURN_TYPE = YES_ERROR;
				GCC_WARN_UNDECLARED_SELECTOR = YES;
				GCC_WARN_UNINITIALIZED_AUTOS = YES_AGGRESSIVE;
				GCC_WARN_UNUSED_FUNCTION = YES;
				GCC_WARN_UNUSED_VARIABLE = YES;
				IPHONEOS_DEPLOYMENT_TARGET = 12.2;
				MTL_ENABLE_DEBUG_INFO = NO;
				MTL_FAST_MATH = YES;
				SDKROOT = iphoneos;
				SWIFT_COMPILATION_MODE = wholemodule;
				SWIFT_OPTIMIZATION_LEVEL = "-O";
				VALIDATE_PRODUCT = YES;
			};
			name = Release;
		};
		986FC96122C2EE6C007E015E /* Debug */ = {
			isa = XCBuildConfiguration;
			baseConfigurationReference = EB06E6C78A1FF7FCF793FDEA /* Pods-Chuck Norris Quotes.debug.xcconfig */;
			buildSettings = {
				ASSETCATALOG_COMPILER_APPICON_NAME = AppIcon;
				CODE_SIGN_STYLE = Automatic;
				DEVELOPMENT_TEAM = 7B227ZD53A;
				INFOPLIST_FILE = "Chuck Norris Quotes/Info.plist";
				LD_RUNPATH_SEARCH_PATHS = (
					"$(inherited)",
					"@executable_path/Frameworks",
				);
				PRODUCT_BUNDLE_IDENTIFIER = "parkjohan.parkjohan.Chuck-Norris-Quotes";
				PRODUCT_NAME = "$(TARGET_NAME)";
				SWIFT_VERSION = 5.0;
				TARGETED_DEVICE_FAMILY = "1,2";
			};
			name = Debug;
		};
		986FC96222C2EE6C007E015E /* Release */ = {
			isa = XCBuildConfiguration;
			baseConfigurationReference = B99256ED85F4C7B7930985E2 /* Pods-Chuck Norris Quotes.release.xcconfig */;
			buildSettings = {
				ASSETCATALOG_COMPILER_APPICON_NAME = AppIcon;
				CODE_SIGN_STYLE = Automatic;
				DEVELOPMENT_TEAM = 7B227ZD53A;
				INFOPLIST_FILE = "Chuck Norris Quotes/Info.plist";
				LD_RUNPATH_SEARCH_PATHS = (
					"$(inherited)",
					"@executable_path/Frameworks",
				);
				PRODUCT_BUNDLE_IDENTIFIER = "parkjohan.parkjohan.Chuck-Norris-Quotes";
				PRODUCT_NAME = "$(TARGET_NAME)";
				SWIFT_VERSION = 5.0;
				TARGETED_DEVICE_FAMILY = "1,2";
			};
			name = Release;
		};
/* End XCBuildConfiguration section */

/* Begin XCConfigurationList section */
		986FC94922C2EE6B007E015E /* Build configuration list for PBXProject "Chuck Norris Quotes" */ = {
			isa = XCConfigurationList;
			buildConfigurations = (
				986FC95E22C2EE6C007E015E /* Debug */,
				986FC95F22C2EE6C007E015E /* Release */,
			);
			defaultConfigurationIsVisible = 0;
			defaultConfigurationName = Release;
		};
		986FC96022C2EE6C007E015E /* Build configuration list for PBXNativeTarget "Chuck Norris Quotes" */ = {
			isa = XCConfigurationList;
			buildConfigurations = (
				986FC96122C2EE6C007E015E /* Debug */,
				986FC96222C2EE6C007E015E /* Release */,
			);
			defaultConfigurationIsVisible = 0;
			defaultConfigurationName = Release;
		};
/* End XCConfigurationList section */
	};
	rootObject = 986FC94622C2EE6B007E015E /* Project object */;
}
